
Microsoft Visual Studio Solution File, Format Version 12.00
# Visual Studio Version 17
VisualStudioVersion = 17.3.32825.248
MinimumVisualStudioVersion = 10.0.40219.1
Project("{FAE04EC0-301F-11D3-BF4B-00C04F79EFBC}") = "WinFormsApp1", "WinFormsApp1\WinFormsApp1.csproj", "{034F12DA-5A31-4BB6-8E85-86523F0059B1}"
EndProject
Global
	GlobalSection(SolutionConfigurationPlatforms) = preSolution
		Debug|Any CPU = Debug|Any CPU
		Release|Any CPU = Release|Any CPU
	EndGlobalSection
	GlobalSection(ProjectConfigurationPlatforms) = postSolution
		{034F12DA-5A31-4BB6-8E85-86523F0059B1}.Debug|Any CPU.ActiveCfg = Debug|Any CPU
		{034F12DA-5A31-4BB6-8E85-86523F0059B1}.Debug|Any CPU.Build.0 = Debug|Any CPU
		{034F12DA-5A31-4BB6-8E85-86523F0059B1}.Release|Any CPU.ActiveCfg = Release|Any CPU
		{034F12DA-5A31-4BB6-8E85-86523F0059B1}.Release|Any CPU.Build.0 = Release|Any CPU
	EndGlobalSection
	GlobalSection(SolutionProperties) = preSolution
		HideSolutionNode = FALSE
	EndGlobalSection
	GlobalSection(ExtensibilityGlobals) = postSolution
		SolutionGuid = {A10FAFCF-C435-47DD-864D-6B63BBD4F6D3}
	EndGlobalSection
EndGlobal
